
Microsoft Visual Studio Solution File, Format Version 12.00
# Visual Studio Version 16
VisualStudioVersion = 16.0.31729.503
MinimumVisualStudioVersion = 10.0.40219.1
Project("{FAE04EC0-301F-11D3-BF4B-00C04F79EFBC}") = "Multi_Tornillos", "Multi_Tornillos\Multi_Tornillos.csproj", "{3B56CEEF-07FF-4D0D-BE7B-CAE6BBC6AA56}"
EndProject
Project("{FAE04EC0-301F-11D3-BF4B-00C04F79EFBC}") = "Multi_TornillosDAL", "Multi_TornillosDAL\Multi_TornillosDAL.csproj", "{DF0A1DEE-79EA-49BF-80C1-B5C26EA3FE08}"
EndProject
Project("{FAE04EC0-301F-11D3-BF4B-00C04F79EFBC}") = "Multi_TornillosBLL", "Multi_TornillosBLL\Multi_TornillosBLL.csproj", "{3DB4D124-A396-4E16-A23D-0ECACEE2C628}"
EndProject
Global
	GlobalSection(SolutionConfigurationPlatforms) = preSolution
		Debug|Any CPU = Debug|Any CPU
		Release|Any CPU = Release|Any CPU
	EndGlobalSection
	GlobalSection(ProjectConfigurationPlatforms) = postSolution
		{3B56CEEF-07FF-4D0D-BE7B-CAE6BBC6AA56}.Debug|Any CPU.ActiveCfg = Debug|Any CPU
		{3B56CEEF-07FF-4D0D-BE7B-CAE6BBC6AA56}.Debug|Any CPU.Build.0 = Debug|Any CPU
		{3B56CEEF-07FF-4D0D-BE7B-CAE6BBC6AA56}.Release|Any CPU.ActiveCfg = Release|Any CPU
		{3B56CEEF-07FF-4D0D-BE7B-CAE6BBC6AA56}.Release|Any CPU.Build.0 = Release|Any CPU
		{DF0A1DEE-79EA-49BF-80C1-B5C26EA3FE08}.Debug|Any CPU.ActiveCfg = Debug|Any CPU
		{DF0A1DEE-79EA-49BF-80C1-B5C26EA3FE08}.Debug|Any CPU.Build.0 = Debug|Any CPU
		{DF0A1DEE-79EA-49BF-80C1-B5C26EA3FE08}.Release|Any CPU.ActiveCfg = Release|Any CPU
		{DF0A1DEE-79EA-49BF-80C1-B5C26EA3FE08}.Release|Any CPU.Build.0 = Release|Any CPU
		{3DB4D124-A396-4E16-A23D-0ECACEE2C628}.Debug|Any CPU.ActiveCfg = Debug|Any CPU
		{3DB4D124-A396-4E16-A23D-0ECACEE2C628}.Debug|Any CPU.Build.0 = Debug|Any CPU
		{3DB4D124-A396-4E16-A23D-0ECACEE2C628}.Release|Any CPU.ActiveCfg = Release|Any CPU
		{3DB4D124-A396-4E16-A23D-0ECACEE2C628}.Release|Any CPU.Build.0 = Release|Any CPU
	EndGlobalSection
	GlobalSection(SolutionProperties) = preSolution
		HideSolutionNode = FALSE
	EndGlobalSection
	GlobalSection(ExtensibilityGlobals) = postSolution
		SolutionGuid = {D6C741EC-546E-42D6-A7FE-A23ABEEF003F}
	EndGlobalSection
EndGlobal
